
Microsoft Visual Studio Solution File, Format Version 12.00
# Visual Studio 15
VisualStudioVersion = 15.0.27004.2009
MinimumVisualStudioVersion = 10.0.40219.1
Project("{9A19103F-16F7-4668-BE54-9A1E7A4F7556}") = "Jiahax", "Jiahax\Jiahax.csproj", "{92E33B5A-23BA-48B4-B5E9-2FF3B4228A5E}"
EndProject
Project("{2150E333-8FDC-42A3-9474-1A3956D46DE8}") = "Applications", "Applications", "{3F55F3A9-5D66-4475-BD7C-F7FC39367897}"
EndProject
Project("{2150E333-8FDC-42A3-9474-1A3956D46DE8}") = "Controllers", "Controllers", "{8500DDE5-B82F-403C-B4D4-CC56A69D576D}"
EndProject
Project("{2150E333-8FDC-42A3-9474-1A3956D46DE8}") = "Deployment", "Deployment", "{9EF75862-C2A9-402A-9382-51911E668FFE}"
EndProject
Project("{2150E333-8FDC-42A3-9474-1A3956D46DE8}") = "Hosts", "Hosts", "{697E981F-AA4A-4271-917F-FAF6E52DA505}"
EndProject
Project("{2150E333-8FDC-42A3-9474-1A3956D46DE8}") = "Libraries", "Libraries", "{A95DAB5C-5E28-4C4F-B894-984A503D7915}"
EndProject
Project("{2150E333-8FDC-42A3-9474-1A3956D46DE8}") = "Solution Items", "Solution Items", "{AD15FFD1-DE09-4724-BE0F-AC68C147489F}"
EndProject
Project("{2150E333-8FDC-42A3-9474-1A3956D46DE8}") = "Tests", "Tests", "{42C6ADA8-14C5-4B7B-97C9-603D5286E0BE}"
EndProject
Project("{2150E333-8FDC-42A3-9474-1A3956D46DE8}") = "UnitTests", "UnitTests", "{8215E787-A979-422F-801F-EE97774D3D92}"
EndProject
Global
	GlobalSection(SolutionConfigurationPlatforms) = preSolution
		Debug|Any CPU = Debug|Any CPU
		Release|Any CPU = Release|Any CPU
	EndGlobalSection
	GlobalSection(ProjectConfigurationPlatforms) = postSolution
		{92E33B5A-23BA-48B4-B5E9-2FF3B4228A5E}.Debug|Any CPU.ActiveCfg = Debug|Any CPU
		{92E33B5A-23BA-48B4-B5E9-2FF3B4228A5E}.Debug|Any CPU.Build.0 = Debug|Any CPU
		{92E33B5A-23BA-48B4-B5E9-2FF3B4228A5E}.Release|Any CPU.ActiveCfg = Release|Any CPU
		{92E33B5A-23BA-48B4-B5E9-2FF3B4228A5E}.Release|Any CPU.Build.0 = Release|Any CPU
	EndGlobalSection
	GlobalSection(SolutionProperties) = preSolution
		HideSolutionNode = FALSE
	EndGlobalSection
	GlobalSection(NestedProjects) = preSolution
		{92E33B5A-23BA-48B4-B5E9-2FF3B4228A5E} = {3F55F3A9-5D66-4475-BD7C-F7FC39367897}
	EndGlobalSection
	GlobalSection(ExtensibilityGlobals) = postSolution
		SolutionGuid = {26EA6FC0-3286-4FC7-A169-3475CC498342}
	EndGlobalSection
EndGlobal
